
Microsoft Visual Studio Solution File, Format Version 12.00
# Visual Studio Version 17
VisualStudioVersion = 17.4.33213.308
MinimumVisualStudioVersion = 10.0.40219.1
Project("{FAE04EC0-301F-11D3-BF4B-00C04F79EFBC}") = "ExceptionHomework", "ExceptionHomework\ExceptionHomework.csproj", "{6D8D60D3-1057-4B7F-9639-6D3728276E5B}"
EndProject
Global
	GlobalSection(SolutionConfigurationPlatforms) = preSolution
		Debug|Any CPU = Debug|Any CPU
		Release|Any CPU = Release|Any CPU
	EndGlobalSection
	GlobalSection(ProjectConfigurationPlatforms) = postSolution
		{6D8D60D3-1057-4B7F-9639-6D3728276E5B}.Debug|Any CPU.ActiveCfg = Debug|Any CPU
		{6D8D60D3-1057-4B7F-9639-6D3728276E5B}.Debug|Any CPU.Build.0 = Debug|Any CPU
		{6D8D60D3-1057-4B7F-9639-6D3728276E5B}.Release|Any CPU.ActiveCfg = Release|Any CPU
		{6D8D60D3-1057-4B7F-9639-6D3728276E5B}.Release|Any CPU.Build.0 = Release|Any CPU
	EndGlobalSection
	GlobalSection(SolutionProperties) = preSolution
		HideSolutionNode = FALSE
	EndGlobalSection
	GlobalSection(ExtensibilityGlobals) = postSolution
		SolutionGuid = {87C59D37-0081-4E8C-B04F-CAA132C845BB}
	EndGlobalSection
EndGlobal
